// !$*UTF8*$!
{
	archiveVersion = 1;
	classes = {
	};
	objectVersion = 50;
	objects = {

/* Begin PBXBuildFile section */
		75E2A92321250DA4009AA419 /* AppDelegate.swift in Sources */ = {isa = PBXBuildFile; fileRef = 75E2A92221250DA4009AA419 /* AppDelegate.swift */; };
		75E2A92521250DA4009AA419 /* ViewController.swift in Sources */ = {isa = PBXBuildFile; fileRef = 75E2A92421250DA4009AA419 /* ViewController.swift */; };
		75E2A92721250DA5009AA419 /* Assets.xcassets in Resources */ = {isa = PBXBuildFile; fileRef = 75E2A92621250DA5009AA419 /* Assets.xcassets */; };
		75E2A92A21250DA5009AA419 /* Main.storyboard in Resources */ = {isa = PBXBuildFile; fileRef = 75E2A92821250DA5009AA419 /* Main.storyboard */; };
		75E2A933212511D8009AA419 /* profile.mobileprovision in Resources */ = {isa = PBXBuildFile; fileRef = 75E2A932212511D7009AA419 /* profile.mobileprovision */; };
		75E2A93521251612009AA419 /* Profile.swift in Sources */ = {isa = PBXBuildFile; fileRef = 75E2A93421251612009AA419 /* Profile.swift */; };
/* End PBXBuildFile section */

/* Begin PBXFileReference section */
		75E2A91F21250DA4009AA419 /* Provision.app */ = {isa = PBXFileReference; explicitFileType = wrapper.application; includeInIndex = 0; path = Provision.app; sourceTree = BUILT_PRODUCTS_DIR; };
		75E2A92221250DA4009AA419 /* AppDelegate.swift */ = {isa = PBXFileReference; lastKnownFileType = sourcecode.swift; path = AppDelegate.swift; sourceTree = "<group>"; };
		75E2A92421250DA4009AA419 /* ViewController.swift */ = {isa = PBXFileReference; lastKnownFileType = sourcecode.swift; path = ViewController.swift; sourceTree = "<group>"; };
		75E2A92621250DA5009AA419 /* Assets.xcassets */ = {isa = PBXFileReference; lastKnownFileType = folder.assetcatalog; path = Assets.xcassets; sourceTree = "<group>"; };
		75E2A92921250DA5009AA419 /* Base */ = {isa = PBXFileReference; lastKnownFileType = file.storyboard; name = Base; path = Base.lproj/Main.storyboard; sourceTree = "<group>"; };
		75E2A92B21250DA5009AA419 /* Info.plist */ = {isa = PBXFileReference; lastKnownFileType = text.plist.xml; path = Info.plist; sourceTree = "<group>"; };
		75E2A92C21250DA5009AA419 /* Provision.entitlements */ = {isa = PBXFileReference; lastKnownFileType = text.plist.entitlements; path = Provision.entitlements; sourceTree = "<group>"; };
		75E2A932212511D7009AA419 /* profile.mobileprovision */ = {isa = PBXFileReference; lastKnownFileType = file; path = profile.mobileprovision; sourceTree = "<group>"; };
		75E2A93421251612009AA419 /* Profile.swift */ = {isa = PBXFileReference; lastKnownFileType = sourcecode.swift; path = Profile.swift; sourceTree = "<group>"; };
/* End PBXFileReference section */

/* Begin PBXFrameworksBuildPhase section */
		75E2A91C21250DA4009AA419 /* Frameworks */ = {
			isa = PBXFrameworksBuildPhase;
			buildActionMask = 2147483647;
			files = (
			);
			runOnlyForDeploymentPostprocessing = 0;
		};
/* End PBXFrameworksBuildPhase section */

/* Begin PBXGroup section */
		75E2A91621250DA4009AA419 = {
			isa = PBXGroup;
			children = (
				75E2A92121250DA4009AA419 /* Provision */,
				75E2A92021250DA4009AA419 /* Products */,
			);
			sourceTree = "<group>";
		};
		75E2A92021250DA4009AA419 /* Products */ = {
			isa = PBXGroup;
			children = (
				75E2A91F21250DA4009AA419 /* Provision.app */,
			);
			name = Products;
			sourceTree = "<group>";
		};
		75E2A92121250DA4009AA419 /* Provision */ = {
			isa = PBXGroup;
			children = (
				75E2A932212511D7009AA419 /* profile.mobileprovision */,
				75E2A92221250DA4009AA419 /* AppDelegate.swift */,
				75E2A92421250DA4009AA419 /* ViewController.swift */,
				75E2A93421251612009AA419 /* Profile.swift */,
				75E2A92621250DA5009AA419 /* Assets.xcassets */,
				75E2A92821250DA5009AA419 /* Main.storyboard */,
				75E2A92B21250DA5009AA419 /* Info.plist */,
				75E2A92C21250DA5009AA419 /* Provision.entitlements */,
			);
			path = Provision;
			sourceTree = "<group>";
		};
/* End PBXGroup section */

/* Begin PBXNativeTarget section */
		75E2A91E21250DA4009AA419 /* Provision */ = {
			isa = PBXNativeTarget;
			buildConfigurationList = 75E2A92F21250DA5009AA419 /* Build configuration list for PBXNativeTarget "Provision" */;
			buildPhases = (
				75E2A91B21250DA4009AA419 /* Sources */,
				75E2A91C21250DA4009AA419 /* Frameworks */,
				75E2A91D21250DA4009AA419 /* Resources */,
			);
			buildRules = (
			);
			dependencies = (
			);
			name = Provision;
			productName = Provision;
			productReference = 75E2A91F21250DA4009AA419 /* Provision.app */;
			productType = "com.apple.product-type.application";
		};
/* End PBXNativeTarget section */

/* Begin PBXProject section */
		75E2A91721250DA4009AA419 /* Project object */ = {
			isa = PBXProject;
			attributes = {
				LastSwiftUpdateCheck = 0940;
				LastUpgradeCheck = 0940;
				ORGANIZATIONNAME = "Claybrook Software, LLC";
				TargetAttributes = {
					75E2A91E21250DA4009AA419 = {
						CreatedOnToolsVersion = 9.4.1;
					};
				};
			};
			buildConfigurationList = 75E2A91A21250DA4009AA419 /* Build configuration list for PBXProject "Provision" */;
			compatibilityVersion = "Xcode 9.3";
			developmentRegion = en;
			hasScannedForEncodings = 0;
			knownRegions = (
				en,
				Base,
			);
			mainGroup = 75E2A91621250DA4009AA419;
			productRefGroup = 75E2A92021250DA4009AA419 /* Products */;
			projectDirPath = "";
			projectRoot = "";
			targets = (
				75E2A91E21250DA4009AA419 /* Provision */,
			);
		};
/* End PBXProject section */

/* Begin PBXResourcesBuildPhase section */
		75E2A91D21250DA4009AA419 /* Resources */ = {
			isa = PBXResourcesBuildPhase;
			buildActionMask = 2147483647;
			files = (
				75E2A92721250DA5009AA419 /* Assets.xcassets in Resources */,
				75E2A92A21250DA5009AA419 /* Main.storyboard in Resources */,
				75E2A933212511D8009AA419 /* profile.mobileprovision in Resources */,
			);
			runOnlyForDeploymentPostprocessing = 0;
		};
/* End PBXResourcesBuildPhase section */

/* Begin PBXSourcesBuildPhase section */
		75E2A91B21250DA4009AA419 /* Sources */ = {
			isa = PBXSourcesBuildPhase;
			buildActionMask = 2147483647;
			files = (
				75E2A92521250DA4009AA419 /* ViewController.swift in Sources */,
				75E2A93521251612009AA419 /* Profile.swift in Sources */,
				75E2A92321250DA4009AA419 /* AppDelegate.swift in Sources */,
			);
			runOnlyForDeploymentPostprocessing = 0;
		};
/* End PBXSourcesBuildPhase section */

/* Begin PBXVariantGroup section */
		75E2A92821250DA5009AA419 /* Main.storyboard */ = {
			isa = PBXVariantGroup;
			children = (
				75E2A92921250DA5009AA419 /* Base */,
			);
			name = Main.storyboard;
			sourceTree = "<group>";
		};
/* End PBXVariantGroup section */

/* Begin XCBuildConfiguration section */
		75E2A92D21250DA5009AA419 /* Debug */ = {
			isa = XCBuildConfiguration;
			buildSettings = {
				ALWAYS_SEARCH_USER_PATHS = NO;
				CLANG_ANALYZER_NONNULL = YES;
				CLANG_ANALYZER_NUMBER_OBJECT_CONVERSION = YES_AGGRESSIVE;
				CLANG_CXX_LANGUAGE_STANDARD = "gnu++14";
				CLANG_CXX_LIBRARY = "libc++";
				CLANG_ENABLE_MODULES = YES;
				CLANG_ENABLE_OBJC_ARC = YES;
				CLANG_ENABLE_OBJC_WEAK = YES;
				CLANG_WARN_BLOCK_CAPTURE_AUTORELEASING = YES;
				CLANG_WARN_BOOL_CONVERSION = YES;
				CLANG_WARN_COMMA = YES;
				CLANG_WARN_CONSTANT_CONVERSION = YES;
				CLANG_WARN_DEPRECATED_OBJC_IMPLEMENTATIONS = YES;
				CLANG_WARN_DIRECT_OBJC_ISA_USAGE = YES_ERROR;
				CLANG_WARN_DOCUMENTATION_COMMENTS = YES;
				CLANG_WARN_EMPTY_BODY = YES;
				CLANG_WARN_ENUM_CONVERSION = YES;
				CLANG_WARN_INFINITE_RECURSION = YES;
				CLANG_WARN_INT_CONVERSION = YES;
				CLANG_WARN_NON_LITERAL_NULL_CONVERSION = YES;
				CLANG_WARN_OBJC_IMPLICIT_RETAIN_SELF = YES;
				CLANG_WARN_OBJC_LITERAL_CONVERSION = YES;
				CLANG_WARN_OBJC_ROOT_CLASS = YES_ERROR;
				CLANG_WARN_RANGE_LOOP_ANALYSIS = YES;
				CLANG_WARN_STRICT_PROTOTYPES = YES;
				CLANG_WARN_SUSPICIOUS_MOVE = YES;
				CLANG_WARN_UNGUARDED_AVAILABILITY = YES_AGGRESSIVE;
				CLANG_WARN_UNREACHABLE_CODE = YES;
				CLANG_WARN__DUPLICATE_METHOD_MATCH = YES;
				CODE_SIGN_IDENTITY = "Mac Developer";
				COPY_PHASE_STRIP = NO;
				DEBUG_INFORMATION_FORMAT = dwarf;
				ENABLE_STRICT_OBJC_MSGSEND = YES;
				ENABLE_TESTABILITY = YES;
				GCC_C_LANGUAGE_STANDARD = gnu11;
				GCC_DYNAMIC_NO_PIC = NO;
				GCC_NO_COMMON_BLOCKS = YES;
				GCC_OPTIMIZATION_LEVEL = 0;
				GCC_PREPROCESSOR_DEFINITIONS = (
					"DEBUG=1",
					"$(inherited)",
				);
				GCC_WARN_64_TO_32_BIT_CONVERSION = YES;
				GCC_WARN_ABOUT_RETURN_TYPE = YES_ERROR;
				GCC_WARN_UNDECLARED_SELECTOR = YES;
				GCC_WARN_UNINITIALIZED_AUTOS = YES_AGGRESSIVE;
				GCC_WARN_UNUSED_FUNCTION = YES;
				GCC_WARN_UNUSED_VARIABLE = YES;
				MACOSX_DEPLOYMENT_TARGET = 10.13;
				MTL_ENABLE_DEBUG_INFO = YES;
				ONLY_ACTIVE_ARCH = YES;
				SDKROOT = macosx;
				SWIFT_ACTIVE_COMPILATION_CONDITIONS = DEBUG;
				SWIFT_OPTIMIZATION_LEVEL = "-Onone";
			};
			name = Debug;
		};
		75E2A92E21250DA5009AA419 /* Release */ = {
			isa = XCBuildConfiguration;
			buildSettings = {
				ALWAYS_SEARCH_USER_PATHS = NO;
				CLANG_ANALYZER_NONNULL = YES;
				CLANG_ANALYZER_NUMBER_OBJECT_CONVERSION = YES_AGGRESSIVE;
				CLANG_CXX_LANGUAGE_STANDARD = "gnu++14";
				CLANG_CXX_LIBRARY = "libc++";
				CLANG_ENABLE_MODULES = YES;
				CLANG_ENABLE_OBJC_ARC = YES;
				CLANG_ENABLE_OBJC_WEAK = YES;
				CLANG_WARN_BLOCK_CAPTURE_AUTORELEASING = YES;
				CLANG_WARN_BOOL_CONVERSION = YES;
				CLANG_WARN_COMMA = YES;
				CLANG_WARN_CONSTANT_CONVERSION = YES;
				CLANG_WARN_DEPRECATED_OBJC_IMPLEMENTATIONS = YES;
				CLANG_WARN_DIRECT_OBJC_ISA_USAGE = YES_ERROR;
				CLANG_WARN_DOCUMENTATION_COMMENTS = YES;
				CLANG_WARN_EMPTY_BODY = YES;
				CLANG_WARN_ENUM_CONVERSION = YES;
				CLANG_WARN_INFINITE_RECURSION = YES;
				CLANG_WARN_INT_CONVERSION = YES;
				CLANG_WARN_NON_LITERAL_NULL_CONVERSION = YES;
				CLANG_WARN_OBJC_IMPLICIT_RETAIN_SELF = YES;
				CLANG_WARN_OBJC_LITERAL_CONVERSION = YES;
				CLANG_WARN_OBJC_ROOT_CLASS = YES_ERROR;
				CLANG_WARN_RANGE_LOOP_ANALYSIS = YES;
				CLANG_WARN_STRICT_PROTOTYPES = YES;
				CLANG_WARN_SUSPICIOUS_MOVE = YES;
				CLANG_WARN_UNGUARDED_AVAILABILITY = YES_AGGRESSIVE;
				CLANG_WARN_UNREACHABLE_CODE = YES;
				CLANG_WARN__DUPLICATE_METHOD_MATCH = YES;
				CODE_SIGN_IDENTITY = "Mac Developer";
				COPY_PHASE_STRIP = NO;
				DEBUG_INFORMATION_FORMAT = "dwarf-with-dsym";
				ENABLE_NS_ASSERTIONS = NO;
				ENABLE_STRICT_OBJC_MSGSEND = YES;
				GCC_C_LANGUAGE_STANDARD = gnu11;
				GCC_NO_COMMON_BLOCKS = YES;
				GCC_WARN_64_TO_32_BIT_CONVERSION = YES;
				GCC_WARN_ABOUT_RETURN_TYPE = YES_ERROR;
				GCC_WARN_UNDECLARED_SELECTOR = YES;
				GCC_WARN_UNINITIALIZED_AUTOS = YES_AGGRESSIVE;
				GCC_WARN_UNUSED_FUNCTION = YES;
				GCC_WARN_UNUSED_VARIABLE = YES;
				MACOSX_DEPLOYMENT_TARGET = 10.13;
				MTL_ENABLE_DEBUG_INFO = NO;
				SDKROOT = macosx;
				SWIFT_COMPILATION_MODE = wholemodule;
				SWIFT_OPTIMIZATION_LEVEL = "-O";
			};
			name = Release;
		};
		75E2A93021250DA5009AA419 /* Debug */ = {
			isa = XCBuildConfiguration;
			buildSettings = {
				ASSETCATALOG_COMPILER_APPICON_NAME = AppIcon;
				CODE_SIGN_ENTITLEMENTS = Provision/Provision.entitlements;
				CODE_SIGN_STYLE = Automatic;
				COMBINE_HIDPI_IMAGES = YES;
				DEVELOPMENT_TEAM = 4SGAZDJL4U;
				INFOPLIST_FILE = Provision/Info.plist;
				LD_RUNPATH_SEARCH_PATHS = (
					"$(inherited)",
					"@executable_path/../Frameworks",
				);
				PRODUCT_BUNDLE_IDENTIFIER = com.claybrooksoftware.Provision;
				PRODUCT_NAME = "$(TARGET_NAME)";
				SWIFT_VERSION = 4.0;
			};
			name = Debug;
		};
		75E2A93121250DA5009AA419 /* Release */ = {
			isa = XCBuildConfiguration;
			buildSettings = {
				ASSETCATALOG_COMPILER_APPICON_NAME = AppIcon;
				CODE_SIGN_ENTITLEMENTS = Provision/Provision.entitlements;
				CODE_SIGN_STYLE = Automatic;
				COMBINE_HIDPI_IMAGES = YES;
				DEVELOPMENT_TEAM = 4SGAZDJL4U;
				INFOPLIST_FILE = Provision/Info.plist;
				LD_RUNPATH_SEARCH_PATHS = (
					"$(inherited)",
					"@executable_path/../Frameworks",
				);
				PRODUCT_BUNDLE_IDENTIFIER = com.claybrooksoftware.Provision;
				PRODUCT_NAME = "$(TARGET_NAME)";
				SWIFT_VERSION = 4.0;
			};
			name = Release;
		};
/* End XCBuildConfiguration section */

/* Begin XCConfigurationList section */
		75E2A91A21250DA4009AA419 /* Build configuration list for PBXProject "Provision" */ = {
			isa = XCConfigurationList;
			buildConfigurations = (
				75E2A92D21250DA5009AA419 /* Debug */,
				75E2A92E21250DA5009AA419 /* Release */,
			);
			defaultConfigurationIsVisible = 0;
			defaultConfigurationName = Release;
		};
		75E2A92F21250DA5009AA419 /* Build configuration list for PBXNativeTarget "Provision" */ = {
			isa = XCConfigurationList;
			buildConfigurations = (
				75E2A93021250DA5009AA419 /* Debug */,
				75E2A93121250DA5009AA419 /* Release */,
			);
			defaultConfigurationIsVisible = 0;
			defaultConfigurationName = Release;
		};
/* End XCConfigurationList section */
	};
	rootObject = 75E2A91721250DA4009AA419 /* Project object */;
}
